
Microsoft Visual Studio Solution File, Format Version 12.00
# Visual Studio 14
VisualStudioVersion = 14.0.25420.1
MinimumVisualStudioVersion = 10.0.40219.1
Project("{FAE04EC0-301F-11D3-BF4B-00C04F79EFBC}") = "SCHOOL MANAGEMENT", "SCHOOL MANAGEMENT.csproj", "{4A3C95A5-C1DB-44D1-8C4F-9426962C1880}"
EndProject
Global
	GlobalSection(SolutionConfigurationPlatforms) = preSolution
		Debug|Any CPU = Debug|Any CPU
		Release|Any CPU = Release|Any CPU
	EndGlobalSection
	GlobalSection(ProjectConfigurationPlatforms) = postSolution
		{4A3C95A5-C1DB-44D1-8C4F-9426962C1880}.Debug|Any CPU.ActiveCfg = Debug|Any CPU
		{4A3C95A5-C1DB-44D1-8C4F-9426962C1880}.Debug|Any CPU.Build.0 = Debug|Any CPU
		{4A3C95A5-C1DB-44D1-8C4F-9426962C1880}.Release|Any CPU.ActiveCfg = Release|Any CPU
		{4A3C95A5-C1DB-44D1-8C4F-9426962C1880}.Release|Any CPU.Build.0 = Release|Any CPU
	EndGlobalSection
	GlobalSection(SolutionProperties) = preSolution
		HideSolutionNode = FALSE
	EndGlobalSection
EndGlobal
